
Microsoft Visual Studio Solution File, Format Version 12.00
# Visual Studio Version 16
VisualStudioVersion = 16.0.29230.47
MinimumVisualStudioVersion = 10.0.40219.1
Project("{8BC9CEB8-8B4A-11D0-8D11-00A0C91BC942}") = "PiOpenMP", "PiOpenMP\PiOpenMP.vcxproj", "{1656A8C6-3168-4255-9342-815AEA053573}"
EndProject
Global
	GlobalSection(SolutionConfigurationPlatforms) = preSolution
		Debug|x64 = Debug|x64
		Debug|x86 = Debug|x86
		Release|x64 = Release|x64
		Release|x86 = Release|x86
	EndGlobalSection
	GlobalSection(ProjectConfigurationPlatforms) = postSolution
		{1656A8C6-3168-4255-9342-815AEA053573}.Debug|x64.ActiveCfg = Debug|x64
		{1656A8C6-3168-4255-9342-815AEA053573}.Debug|x64.Build.0 = Debug|x64
		{1656A8C6-3168-4255-9342-815AEA053573}.Debug|x86.ActiveCfg = Debug|Win32
		{1656A8C6-3168-4255-9342-815AEA053573}.Debug|x86.Build.0 = Debug|Win32
		{1656A8C6-3168-4255-9342-815AEA053573}.Release|x64.ActiveCfg = Release|x64
		{1656A8C6-3168-4255-9342-815AEA053573}.Release|x64.Build.0 = Release|x64
		{1656A8C6-3168-4255-9342-815AEA053573}.Release|x86.ActiveCfg = Release|Win32
		{1656A8C6-3168-4255-9342-815AEA053573}.Release|x86.Build.0 = Release|Win32
	EndGlobalSection
	GlobalSection(SolutionProperties) = preSolution
		HideSolutionNode = FALSE
	EndGlobalSection
	GlobalSection(ExtensibilityGlobals) = postSolution
		SolutionGuid = {73633ED4-99F0-4BDE-8912-D82E458E74E7}
	EndGlobalSection
EndGlobal
